Microsoft Visual Studio Solution File, Format Version 12.00
# Visual Studio 15
VisualStudioVersion = 15.0.28307.421
MinimumVisualStudioVersion = 10.0.40219.1
Project("{9A19103F-16F7-4668-BE54-9A1E7A4F7556}") = "TestFramework", "TestFramework\TestFramework.csproj", "{88CEBF69-2B62-4449-8B36-9B766BC5D418}"
EndProject
Project("{9A19103F-16F7-4668-BE54-9A1E7A4F7556}") = "UnitTest", "UnitTest\UnitTest.csproj", "{EC877C6C-D944-42E9-8A37-739A27211142}"
EndProject
Global
	GlobalSection(SolutionConfigurationPlatforms) = preSolution
		Debug|Any CPU = Debug|Any CPU
		Release|Any CPU = Release|Any CPU
	EndGlobalSection
	GlobalSection(ProjectConfigurationPlatforms) = postSolution
		{88CEBF69-2B62-4449-8B36-9B766BC5D418}.Debug|Any CPU.ActiveCfg = Debug|Any CPU
		{88CEBF69-2B62-4449-8B36-9B766BC5D418}.Debug|Any CPU.Build.0 = Debug|Any CPU
		{88CEBF69-2B62-4449-8B36-9B766BC5D418}.Release|Any CPU.ActiveCfg = Release|Any CPU
		{88CEBF69-2B62-4449-8B36-9B766BC5D418}.Release|Any CPU.Build.0 = Release|Any CPU
		{EC877C6C-D944-42E9-8A37-739A27211142}.Debug|Any CPU.ActiveCfg = Debug|Any CPU
		{EC877C6C-D944-42E9-8A37-739A27211142}.Debug|Any CPU.Build.0 = Debug|Any CPU
		{EC877C6C-D944-42E9-8A37-739A27211142}.Release|Any CPU.ActiveCfg = Release|Any CPU
		{EC877C6C-D944-42E9-8A37-739A27211142}.Release|Any CPU.Build.0 = Release|Any CPU
	EndGlobalSection
	GlobalSection(SolutionProperties) = preSolution
		HideSolutionNode = FALSE
	EndGlobalSection
	GlobalSection(ExtensibilityGlobals) = postSolution
		SolutionGuid = {031D1F97-663A-43F8-BB3D-4767AEFE6F5E}
	EndGlobalSection
EndGlobal
