
Microsoft Visual Studio Solution File, Format Version 12.00
# Visual Studio 15
VisualStudioVersion = 15.0.27703.2042
MinimumVisualStudioVersion = 10.0.40219.1
Project("{FAE04EC0-301F-11D3-BF4B-00C04F79EFBC}") = "ReportingTool", "reportingtool\ReportingTool.csproj", "{FABD7966-6611-4556-92CB-B13D7425AE82}"
EndProject
Project("{FAE04EC0-301F-11D3-BF4B-00C04F79EFBC}") = "TestTools", "testtools\TestTools.csproj", "{1CA2B935-3224-40F1-84BC-47FA1A9B242E}"
EndProject
Project("{FAE04EC0-301F-11D3-BF4B-00C04F79EFBC}") = "TestTools.VSTS", "testtools.vsts\TestTools.VSTS.csproj", "{3CB878CB-0CD3-447F-8DD8-8A0C62B7C3AF}"
EndProject
Project("{FAE04EC0-301F-11D3-BF4B-00C04F79EFBC}") = "TestTools.Extension", "TestTools.Extension\TestTools.Extension.csproj", "{E41414B3-95F3-430F-823B-55B82F0BA198}"
EndProject
Project("{FAE04EC0-301F-11D3-BF4B-00C04F79EFBC}") = "TestTools.Messages.Runtime", "testtools.messages.runtime\TestTools.Messages.Runtime.csproj", "{5D50C8BD-F26A-4A45-9D4A-025163B894BD}"
EndProject
Project("{FAE04EC0-301F-11D3-BF4B-00C04F79EFBC}") = "TestTools.ExtendedLogging", "TestTools.ExtendedLogging\TestTools.ExtendedLogging.csproj", "{EEB7AC20-C23F-447A-A2E7-E92519592DB0}"
EndProject
Project("{2150E333-8FDC-42A3-9474-1A3956D46DE8}") = "Solution Items", "Solution Items", "{63D7F908-6684-4FCB-9FF3-4A0A02CBFD1E}"
	ProjectSection(SolutionItems) = preProject
		SharedAssemblyInfo.cs = SharedAssemblyInfo.cs
	EndProjectSection
EndProject
Project("{FAE04EC0-301F-11D3-BF4B-00C04F79EFBC}") = "HtmlTestLogger", "htmltestlogger\HtmlTestLogger.csproj", "{8A100541-699B-4011-B184-01B70D534B5E}"
EndProject
Global
	GlobalSection(SolutionConfigurationPlatforms) = preSolution
		Debug|Any CPU = Debug|Any CPU
		Release|Any CPU = Release|Any CPU
	EndGlobalSection
	GlobalSection(ProjectConfigurationPlatforms) = postSolution
		{FABD7966-6611-4556-92CB-B13D7425AE82}.Debug|Any CPU.ActiveCfg = Debug|Any CPU
		{FABD7966-6611-4556-92CB-B13D7425AE82}.Debug|Any CPU.Build.0 = Debug|Any CPU
		{FABD7966-6611-4556-92CB-B13D7425AE82}.Release|Any CPU.ActiveCfg = Release|Any CPU
		{FABD7966-6611-4556-92CB-B13D7425AE82}.Release|Any CPU.Build.0 = Release|Any CPU
		{1CA2B935-3224-40F1-84BC-47FA1A9B242E}.Debug|Any CPU.ActiveCfg = Debug|Any CPU
		{1CA2B935-3224-40F1-84BC-47FA1A9B242E}.Debug|Any CPU.Build.0 = Debug|Any CPU
		{1CA2B935-3224-40F1-84BC-47FA1A9B242E}.Release|Any CPU.ActiveCfg = Release|Any CPU
		{1CA2B935-3224-40F1-84BC-47FA1A9B242E}.Release|Any CPU.Build.0 = Release|Any CPU
		{3CB878CB-0CD3-447F-8DD8-8A0C62B7C3AF}.Debug|Any CPU.ActiveCfg = Debug|Any CPU
		{3CB878CB-0CD3-447F-8DD8-8A0C62B7C3AF}.Debug|Any CPU.Build.0 = Debug|Any CPU
		{3CB878CB-0CD3-447F-8DD8-8A0C62B7C3AF}.Release|Any CPU.ActiveCfg = Release|Any CPU
		{3CB878CB-0CD3-447F-8DD8-8A0C62B7C3AF}.Release|Any CPU.Build.0 = Release|Any CPU
		{E41414B3-95F3-430F-823B-55B82F0BA198}.Debug|Any CPU.ActiveCfg = Debug|Any CPU
		{E41414B3-95F3-430F-823B-55B82F0BA198}.Debug|Any CPU.Build.0 = Debug|Any CPU
		{E41414B3-95F3-430F-823B-55B82F0BA198}.Release|Any CPU.ActiveCfg = Release|Any CPU
		{E41414B3-95F3-430F-823B-55B82F0BA198}.Release|Any CPU.Build.0 = Release|Any CPU
		{5D50C8BD-F26A-4A45-9D4A-025163B894BD}.Debug|Any CPU.ActiveCfg = Debug|Any CPU
		{5D50C8BD-F26A-4A45-9D4A-025163B894BD}.Debug|Any CPU.Build.0 = Debug|Any CPU
		{5D50C8BD-F26A-4A45-9D4A-025163B894BD}.Release|Any CPU.ActiveCfg = Release|Any CPU
		{5D50C8BD-F26A-4A45-9D4A-025163B894BD}.Release|Any CPU.Build.0 = Release|Any CPU
		{EEB7AC20-C23F-447A-A2E7-E92519592DB0}.Debug|Any CPU.ActiveCfg = Debug|Any CPU
		{EEB7AC20-C23F-447A-A2E7-E92519592DB0}.Debug|Any CPU.Build.0 = Debug|Any CPU
		{EEB7AC20-C23F-447A-A2E7-E92519592DB0}.Release|Any CPU.ActiveCfg = Release|Any CPU
		{EEB7AC20-C23F-447A-A2E7-E92519592DB0}.Release|Any CPU.Build.0 = Release|Any CPU
		{8A100541-699B-4011-B184-01B70D534B5E}.Debug|Any CPU.ActiveCfg = Debug|Any CPU
		{8A100541-699B-4011-B184-01B70D534B5E}.Debug|Any CPU.Build.0 = Debug|Any CPU
		{8A100541-699B-4011-B184-01B70D534B5E}.Release|Any CPU.ActiveCfg = Release|Any CPU
		{8A100541-699B-4011-B184-01B70D534B5E}.Release|Any CPU.Build.0 = Release|Any CPU
	EndGlobalSection
	GlobalSection(SolutionProperties) = preSolution
		HideSolutionNode = FALSE
	EndGlobalSection
	GlobalSection(ExtensibilityGlobals) = postSolution
		SolutionGuid = {3005C0B4-5942-4167-9D63-9ACF591DB423}
	EndGlobalSection
EndGlobal
